
Microsoft Visual Studio Solution File, Format Version 12.00
# Visual Studio Version 16
VisualStudioVersion = 16.0.30104.148
MinimumVisualStudioVersion = 10.0.40219.1
Project("{8BC9CEB8-8B4A-11D0-8D11-00A0C91BC942}") = "planetrender", "planetrender\planetrender.vcxproj", "{355BC245-895B-4692-967C-5F5399C8636D}"
EndProject
Global
	GlobalSection(SolutionConfigurationPlatforms) = preSolution
		Debug|x64 = Debug|x64
		Debug|x86 = Debug|x86
		Release|x64 = Release|x64
		Release|x86 = Release|x86
	EndGlobalSection
	GlobalSection(ProjectConfigurationPlatforms) = postSolution
		{355BC245-895B-4692-967C-5F5399C8636D}.Debug|x64.ActiveCfg = Debug|x64
		{355BC245-895B-4692-967C-5F5399C8636D}.Debug|x64.Build.0 = Debug|x64
		{355BC245-895B-4692-967C-5F5399C8636D}.Debug|x86.ActiveCfg = Debug|Win32
		{355BC245-895B-4692-967C-5F5399C8636D}.Debug|x86.Build.0 = Debug|Win32
		{355BC245-895B-4692-967C-5F5399C8636D}.Release|x64.ActiveCfg = Release|x64
		{355BC245-895B-4692-967C-5F5399C8636D}.Release|x64.Build.0 = Release|x64
		{355BC245-895B-4692-967C-5F5399C8636D}.Release|x86.ActiveCfg = Release|Win32
		{355BC245-895B-4692-967C-5F5399C8636D}.Release|x86.Build.0 = Release|Win32
	EndGlobalSection
	GlobalSection(SolutionProperties) = preSolution
		HideSolutionNode = FALSE
	EndGlobalSection
	GlobalSection(ExtensibilityGlobals) = postSolution
		SolutionGuid = {DA4E3045-42D1-4AE2-8889-A84F4B262526}
	EndGlobalSection
EndGlobal
